// !$*UTF8*$!
{
	archiveVersion = 1;
	classes = {
	};
	objectVersion = 56;
	objects = {

/* Begin PBXBuildFile section */
		584962DF6ED61B85EB8E8B4D /* Pods_TeamBook.framework in Frameworks */ = {isa = PBXBuildFile; fileRef = F7C38D1DFEC949F5DB4B4630 /* Pods_TeamBook.framework */; };
		9305E4B82AB586F900BA570B /* MainController1.swift in Sources */ = {isa = PBXBuildFile; fileRef = 9305E4B72AB586F900BA570B /* MainController1.swift */; };
		9315A35C2AB7EC93001A68E1 /* MainController1Cell.swift in Sources */ = {isa = PBXBuildFile; fileRef = 9315A35B2AB7EC93001A68E1 /* MainController1Cell.swift */; };
		9315A35E2AB7EE15001A68E1 /* MainController1Cell.xib in Resources */ = {isa = PBXBuildFile; fileRef = 9315A35D2AB7EE15001A68E1 /* MainController1Cell.xib */; };
		933687242AB80A1C0098BBB1 /* MainController1ImageCell.xib in Resources */ = {isa = PBXBuildFile; fileRef = 933687232AB80A1C0098BBB1 /* MainController1ImageCell.xib */; };
		933687262AB80A6E0098BBB1 /* MainController1ImageCell.swift in Sources */ = {isa = PBXBuildFile; fileRef = 933687252AB80A6E0098BBB1 /* MainController1ImageCell.swift */; };
		935883CF2ABBB12800359272 /* Table0Cell.xib in Resources */ = {isa = PBXBuildFile; fileRef = 935883CE2ABBB12700359272 /* Table0Cell.xib */; };
		935883D12ABBB19F00359272 /* Table0Cell.swift in Sources */ = {isa = PBXBuildFile; fileRef = 935883D02ABBB19F00359272 /* Table0Cell.swift */; };
		935883D32ABD34BC00359272 /* CollectionViewController0.swift in Sources */ = {isa = PBXBuildFile; fileRef = 935883D22ABD34BC00359272 /* CollectionViewController0.swift */; };
		935883D62ABD368400359272 /* Collection0Cell.swift in Sources */ = {isa = PBXBuildFile; fileRef = 935883D52ABD368400359272 /* Collection0Cell.swift */; };
		935883D82ABD369800359272 /* Collection0Cell.xib in Resources */ = {isa = PBXBuildFile; fileRef = 935883D72ABD369800359272 /* Collection0Cell.xib */; };
		935883DA2ABD3F8400359272 /* Main0ViewController.swift in Sources */ = {isa = PBXBuildFile; fileRef = 935883D92ABD3F8400359272 /* Main0ViewController.swift */; };
		935883DE2ABD868400359272 /* TableControllerVocal.swift in Sources */ = {isa = PBXBuildFile; fileRef = 935883DD2ABD868400359272 /* TableControllerVocal.swift */; };
		935883E02ABDCDE700359272 /* AddViewController.swift in Sources */ = {isa = PBXBuildFile; fileRef = 935883DF2ABDCDE700359272 /* AddViewController.swift */; };
		935883E22ABDEE9E00359272 /* TableControllerGuitar.swift in Sources */ = {isa = PBXBuildFile; fileRef = 935883E12ABDEE9E00359272 /* TableControllerGuitar.swift */; };
		938C45FB2AB4A044005E4AD7 /* GoogleService-Info.plist in Resources */ = {isa = PBXBuildFile; fileRef = 938C45FA2AB4A043005E4AD7 /* GoogleService-Info.plist */; };
		938C45FD2AB54E84005E4AD7 /* MainController.swift in Sources */ = {isa = PBXBuildFile; fileRef = 938C45FC2AB54E84005E4AD7 /* MainController.swift */; };
		939E48202AB96FDB0039AA79 /* Table0Controller.swift in Sources */ = {isa = PBXBuildFile; fileRef = 939E481F2AB96FDB0039AA79 /* Table0Controller.swift */; };
		939E48222AB9849A0039AA79 /* Team.swift in Sources */ = {isa = PBXBuildFile; fileRef = 939E48212AB9849A0039AA79 /* Team.swift */; };
		93B69DF82AB5A0F5000E8A7A /* MainCell.xib in Resources */ = {isa = PBXBuildFile; fileRef = 93B69DF72AB5A0F5000E8A7A /* MainCell.xib */; };
		93B69DFA2AB5A1D4000E8A7A /* MainCell.swift in Sources */ = {isa = PBXBuildFile; fileRef = 93B69DF92AB5A1D4000E8A7A /* MainCell.swift */; };
		93CD806E2AB4559C0007EB04 /* AppDelegate.swift in Sources */ = {isa = PBXBuildFile; fileRef = 93CD806D2AB4559C0007EB04 /* AppDelegate.swift */; };
		93CD80702AB4559C0007EB04 /* SceneDelegate.swift in Sources */ = {isa = PBXBuildFile; fileRef = 93CD806F2AB4559C0007EB04 /* SceneDelegate.swift */; };
		93CD80722AB4559C0007EB04 /* ViewController.swift in Sources */ = {isa = PBXBuildFile; fileRef = 93CD80712AB4559C0007EB04 /* ViewController.swift */; };
		93CD80752AB4559C0007EB04 /* Main.storyboard in Resources */ = {isa = PBXBuildFile; fileRef = 93CD80732AB4559C0007EB04 /* Main.storyboard */; };
		93CD80782AB4559C0007EB04 /* TeamBook.xcdatamodeld in Sources */ = {isa = PBXBuildFile; fileRef = 93CD80762AB4559C0007EB04 /* TeamBook.xcdatamodeld */; };
		93CD807A2AB4559D0007EB04 /* Assets.xcassets in Resources */ = {isa = PBXBuildFile; fileRef = 93CD80792AB4559D0007EB04 /* Assets.xcassets */; };
		93CD807D2AB4559D0007EB04 /* LaunchScreen.storyboard in Resources */ = {isa = PBXBuildFile; fileRef = 93CD807B2AB4559D0007EB04 /* LaunchScreen.storyboard */; };
		93CD80852AB457C00007EB04 /* SignUpViewController.swift in Sources */ = {isa = PBXBuildFile; fileRef = 93CD80842AB457C00007EB04 /* SignUpViewController.swift */; };
		93CD80872AB457E00007EB04 /* LogInViewController.swift in Sources */ = {isa = PBXBuildFile; fileRef = 93CD80862AB457E00007EB04 /* LogInViewController.swift */; };
/* End PBXBuildFile section */

/* Begin PBXFileReference section */
		205A8C6356DD2F6D81004447 /* Pods-TeamBook.debug.xcconfig */ = {isa = PBXFileReference; includeInIndex = 1; lastKnownFileType = text.xcconfig; name = "Pods-TeamBook.debug.xcconfig"; path = "Target Support Files/Pods-TeamBook/Pods-TeamBook.debug.xcconfig"; sourceTree = "<group>"; };
		9305E4B72AB586F900BA570B /* MainController1.swift */ = {isa = PBXFileReference; lastKnownFileType = sourcecode.swift; path = MainController1.swift; sourceTree = "<group>"; };
		9315A35B2AB7EC93001A68E1 /* MainController1Cell.swift */ = {isa = PBXFileReference; lastKnownFileType = sourcecode.swift; path = MainController1Cell.swift; sourceTree = "<group>"; };
		9315A35D2AB7EE15001A68E1 /* MainController1Cell.xib */ = {isa = PBXFileReference; lastKnownFileType = file.xib; path = MainController1Cell.xib; sourceTree = "<group>"; };
		933687232AB80A1C0098BBB1 /* MainController1ImageCell.xib */ = {isa = PBXFileReference; lastKnownFileType = file.xib; path = MainController1ImageCell.xib; sourceTree = "<group>"; };
		933687252AB80A6E0098BBB1 /* MainController1ImageCell.swift */ = {isa = PBXFileReference; lastKnownFileType = sourcecode.swift; path = MainController1ImageCell.swift; sourceTree = "<group>"; };
		935883CE2ABBB12700359272 /* Table0Cell.xib */ = {isa = PBXFileReference; lastKnownFileType = file.xib; path = Table0Cell.xib; sourceTree = "<group>"; };
		935883D02ABBB19F00359272 /* Table0Cell.swift */ = {isa = PBXFileReference; lastKnownFileType = sourcecode.swift; path = Table0Cell.swift; sourceTree = "<group>"; };
		935883D22ABD34BC00359272 /* CollectionViewController0.swift */ = {isa = PBXFileReference; lastKnownFileType = sourcecode.swift; path = CollectionViewController0.swift; sourceTree = "<group>"; };
		935883D52ABD368400359272 /* Collection0Cell.swift */ = {isa = PBXFileReference; lastKnownFileType = sourcecode.swift; path = Collection0Cell.swift; sourceTree = "<group>"; };
		935883D72ABD369800359272 /* Collection0Cell.xib */ = {isa = PBXFileReference; lastKnownFileType = file.xib; path = Collection0Cell.xib; sourceTree = "<group>"; };
		935883D92ABD3F8400359272 /* Main0ViewController.swift */ = {isa = PBXFileReference; lastKnownFileType = sourcecode.swift; path = Main0ViewController.swift; sourceTree = "<group>"; };
		935883DD2ABD868400359272 /* TableControllerVocal.swift */ = {isa = PBXFileReference; lastKnownFileType = sourcecode.swift; path = TableControllerVocal.swift; sourceTree = "<group>"; };
		935883DF2ABDCDE700359272 /* AddViewController.swift */ = {isa = PBXFileReference; lastKnownFileType = sourcecode.swift; path = AddViewController.swift; sourceTree = "<group>"; };
		935883E12ABDEE9E00359272 /* TableControllerGuitar.swift */ = {isa = PBXFileReference; lastKnownFileType = sourcecode.swift; path = TableControllerGuitar.swift; sourceTree = "<group>"; };
		938C45FA2AB4A043005E4AD7 /* GoogleService-Info.plist */ = {isa = PBXFileReference; fileEncoding = 4; lastKnownFileType = text.plist.xml; path = "GoogleService-Info.plist"; sourceTree = "<group>"; };
		938C45FC2AB54E84005E4AD7 /* MainController.swift */ = {isa = PBXFileReference; lastKnownFileType = sourcecode.swift; path = MainController.swift; sourceTree = "<group>"; };
		939E481F2AB96FDB0039AA79 /* Table0Controller.swift */ = {isa = PBXFileReference; lastKnownFileType = sourcecode.swift; path = Table0Controller.swift; sourceTree = "<group>"; };
		939E48212AB9849A0039AA79 /* Team.swift */ = {isa = PBXFileReference; lastKnownFileType = sourcecode.swift; path = Team.swift; sourceTree = "<group>"; };
		93B69DF72AB5A0F5000E8A7A /* MainCell.xib */ = {isa = PBXFileReference; lastKnownFileType = file.xib; path = MainCell.xib; sourceTree = "<group>"; };
		93B69DF92AB5A1D4000E8A7A /* MainCell.swift */ = {isa = PBXFileReference; lastKnownFileType = sourcecode.swift; path = MainCell.swift; sourceTree = "<group>"; };
		93CD806A2AB4559C0007EB04 /* TeamBook.app */ = {isa = PBXFileReference; explicitFileType = wrapper.application; includeInIndex = 0; path = TeamBook.app; sourceTree = BUILT_PRODUCTS_DIR; };
		93CD806D2AB4559C0007EB04 /* AppDelegate.swift */ = {isa = PBXFileReference; lastKnownFileType = sourcecode.swift; path = AppDelegate.swift; sourceTree = "<group>"; };
		93CD806F2AB4559C0007EB04 /* SceneDelegate.swift */ = {isa = PBXFileReference; lastKnownFileType = sourcecode.swift; path = SceneDelegate.swift; sourceTree = "<group>"; };
		93CD80712AB4559C0007EB04 /* ViewController.swift */ = {isa = PBXFileReference; lastKnownFileType = sourcecode.swift; path = ViewController.swift; sourceTree = "<group>"; };
		93CD80742AB4559C0007EB04 /* Base */ = {isa = PBXFileReference; lastKnownFileType = file.storyboard; name = Base; path = Base.lproj/Main.storyboard; sourceTree = "<group>"; };
		93CD80772AB4559C0007EB04 /* TeamBook.xcdatamodel */ = {isa = PBXFileReference; lastKnownFileType = wrapper.xcdatamodel; path = TeamBook.xcdatamodel; sourceTree = "<group>"; };
		93CD80792AB4559D0007EB04 /* Assets.xcassets */ = {isa = PBXFileReference; lastKnownFileType = folder.assetcatalog; path = Assets.xcassets; sourceTree = "<group>"; };
		93CD807C2AB4559D0007EB04 /* Base */ = {isa = PBXFileReference; lastKnownFileType = file.storyboard; name = Base; path = Base.lproj/LaunchScreen.storyboard; sourceTree = "<group>"; };
		93CD807E2AB4559D0007EB04 /* Info.plist */ = {isa = PBXFileReference; lastKnownFileType = text.plist.xml; path = Info.plist; sourceTree = "<group>"; };
		93CD80842AB457C00007EB04 /* SignUpViewController.swift */ = {isa = PBXFileReference; lastKnownFileType = sourcecode.swift; path = SignUpViewController.swift; sourceTree = "<group>"; };
		93CD80862AB457E00007EB04 /* LogInViewController.swift */ = {isa = PBXFileReference; lastKnownFileType = sourcecode.swift; path = LogInViewController.swift; sourceTree = "<group>"; };
		AB58AAFFDB8D0B552C5C6CA5 /* Pods-TeamBook.release.xcconfig */ = {isa = PBXFileReference; includeInIndex = 1; lastKnownFileType = text.xcconfig; name = "Pods-TeamBook.release.xcconfig"; path = "Target Support Files/Pods-TeamBook/Pods-TeamBook.release.xcconfig"; sourceTree = "<group>"; };
		F7C38D1DFEC949F5DB4B4630 /* Pods_TeamBook.framework */ = {isa = PBXFileReference; explicitFileType = wrapper.framework; includeInIndex = 0; path = Pods_TeamBook.framework; sourceTree = BUILT_PRODUCTS_DIR; };
/* End PBXFileReference section */

/* Begin PBXFrameworksBuildPhase section */
		93CD80672AB4559C0007EB04 /* Frameworks */ = {
			isa = PBXFrameworksBuildPhase;
			buildActionMask = 2147483647;
			files = (
				584962DF6ED61B85EB8E8B4D /* Pods_TeamBook.framework in Frameworks */,
			);
			runOnlyForDeploymentPostprocessing = 0;
		};
/* End PBXFrameworksBuildPhase section */

/* Begin PBXGroup section */
		2B2A08C21468CF6BC4322514 /* Frameworks */ = {
			isa = PBXGroup;
			children = (
				F7C38D1DFEC949F5DB4B4630 /* Pods_TeamBook.framework */,
			);
			name = Frameworks;
			sourceTree = "<group>";
		};
		935883D42ABD354800359272 /* Test */ = {
			isa = PBXGroup;
			children = (
				935883D22ABD34BC00359272 /* CollectionViewController0.swift */,
				9305E4B72AB586F900BA570B /* MainController1.swift */,
				9315A35B2AB7EC93001A68E1 /* MainController1Cell.swift */,
				9315A35D2AB7EE15001A68E1 /* MainController1Cell.xib */,
				933687232AB80A1C0098BBB1 /* MainController1ImageCell.xib */,
				933687252AB80A6E0098BBB1 /* MainController1ImageCell.swift */,
				93B69DF72AB5A0F5000E8A7A /* MainCell.xib */,
				93B69DF92AB5A1D4000E8A7A /* MainCell.swift */,
				938C45FC2AB54E84005E4AD7 /* MainController.swift */,
				935883D52ABD368400359272 /* Collection0Cell.swift */,
				935883D72ABD369800359272 /* Collection0Cell.xib */,
				939E481F2AB96FDB0039AA79 /* Table0Controller.swift */,
				935883E12ABDEE9E00359272 /* TableControllerGuitar.swift */,
			);
			path = Test;
			sourceTree = "<group>";
		};
		93893F212AB9CB6F009FCFED /* Model */ = {
			isa = PBXGroup;
			children = (
				939E48212AB9849A0039AA79 /* Team.swift */,
			);
			path = Model;
			sourceTree = "<group>";
		};
		93B69DF62AB5A0DC000E8A7A /* View */ = {
			isa = PBXGroup;
			children = (
				93CD80732AB4559C0007EB04 /* Main.storyboard */,
				935883CE2ABBB12700359272 /* Table0Cell.xib */,
				935883D02ABBB19F00359272 /* Table0Cell.swift */,
			);
			path = View;
			sourceTree = "<group>";
		};
		93CD80612AB4559C0007EB04 = {
			isa = PBXGroup;
			children = (
				93CD806C2AB4559C0007EB04 /* TeamBook */,
				93CD806B2AB4559C0007EB04 /* Products */,
				B45B807B604A1979B37C5CB8 /* Pods */,
				2B2A08C21468CF6BC4322514 /* Frameworks */,
			);
			sourceTree = "<group>";
		};
		93CD806B2AB4559C0007EB04 /* Products */ = {
			isa = PBXGroup;
			children = (
				93CD806A2AB4559C0007EB04 /* TeamBook.app */,
			);
			name = Products;
			sourceTree = "<group>";
		};
		93CD806C2AB4559C0007EB04 /* TeamBook */ = {
			isa = PBXGroup;
			children = (
				93CD806D2AB4559C0007EB04 /* AppDelegate.swift */,
				93CD806F2AB4559C0007EB04 /* SceneDelegate.swift */,
				935883D42ABD354800359272 /* Test */,
				93B69DF62AB5A0DC000E8A7A /* View */,
				93893F212AB9CB6F009FCFED /* Model */,
				93CD80882AB457E60007EB04 /* Controller */,
				93CD80792AB4559D0007EB04 /* Assets.xcassets */,
				93CD807B2AB4559D0007EB04 /* LaunchScreen.storyboard */,
				93CD807E2AB4559D0007EB04 /* Info.plist */,
				93CD80762AB4559C0007EB04 /* TeamBook.xcdatamodeld */,
				938C45FA2AB4A043005E4AD7 /* GoogleService-Info.plist */,
			);
			path = TeamBook;
			sourceTree = "<group>";
		};
		93CD80882AB457E60007EB04 /* Controller */ = {
			isa = PBXGroup;
			children = (
				93CD80712AB4559C0007EB04 /* ViewController.swift */,
				93CD80842AB457C00007EB04 /* SignUpViewController.swift */,
				93CD80862AB457E00007EB04 /* LogInViewController.swift */,
				935883D92ABD3F8400359272 /* Main0ViewController.swift */,
				935883DD2ABD868400359272 /* TableControllerVocal.swift */,
				935883DF2ABDCDE700359272 /* AddViewController.swift */,
			);
			path = Controller;
			sourceTree = "<group>";
		};
		B45B807B604A1979B37C5CB8 /* Pods */ = {
			isa = PBXGroup;
			children = (
				205A8C6356DD2F6D81004447 /* Pods-TeamBook.debug.xcconfig */,
				AB58AAFFDB8D0B552C5C6CA5 /* Pods-TeamBook.release.xcconfig */,
			);
			path = Pods;
			sourceTree = "<group>";
		};
/* End PBXGroup section */

/* Begin PBXNativeTarget section */
		93CD80692AB4559C0007EB04 /* TeamBook */ = {
			isa = PBXNativeTarget;
			buildConfigurationList = 93CD80812AB4559D0007EB04 /* Build configuration list for PBXNativeTarget "TeamBook" */;
			buildPhases = (
				D4EDA03E97691A3DAA30F9EA /* [CP] Check Pods Manifest.lock */,
				93CD80662AB4559C0007EB04 /* Sources */,
				93CD80672AB4559C0007EB04 /* Frameworks */,
				93CD80682AB4559C0007EB04 /* Resources */,
				56B946031A972FBA812DE159 /* [CP] Embed Pods Frameworks */,
			);
			buildRules = (
			);
			dependencies = (
			);
			name = TeamBook;
			productName = TeamBook;
			productReference = 93CD806A2AB4559C0007EB04 /* TeamBook.app */;
			productType = "com.apple.product-type.application";
		};
/* End PBXNativeTarget section */

/* Begin PBXProject section */
		93CD80622AB4559C0007EB04 /* Project object */ = {
			isa = PBXProject;
			attributes = {
				BuildIndependentTargetsInParallel = 1;
				LastSwiftUpdateCheck = 1430;
				LastUpgradeCheck = 1430;
				TargetAttributes = {
					93CD80692AB4559C0007EB04 = {
						CreatedOnToolsVersion = 14.3.1;
					};
				};
			};
			buildConfigurationList = 93CD80652AB4559C0007EB04 /* Build configuration list for PBXProject "TeamBook" */;
			compatibilityVersion = "Xcode 14.0";
			developmentRegion = en;
			hasScannedForEncodings = 0;
			knownRegions = (
				en,
				Base,
			);
			mainGroup = 93CD80612AB4559C0007EB04;
			productRefGroup = 93CD806B2AB4559C0007EB04 /* Products */;
			projectDirPath = "";
			projectRoot = "";
			targets = (
				93CD80692AB4559C0007EB04 /* TeamBook */,
			);
		};
/* End PBXProject section */

/* Begin PBXResourcesBuildPhase section */
		93CD80682AB4559C0007EB04 /* Resources */ = {
			isa = PBXResourcesBuildPhase;
			buildActionMask = 2147483647;
			files = (
				935883D82ABD369800359272 /* Collection0Cell.xib in Resources */,
				933687242AB80A1C0098BBB1 /* MainController1ImageCell.xib in Resources */,
				93CD807D2AB4559D0007EB04 /* LaunchScreen.storyboard in Resources */,
				938C45FB2AB4A044005E4AD7 /* GoogleService-Info.plist in Resources */,
				93CD807A2AB4559D0007EB04 /* Assets.xcassets in Resources */,
				93CD80752AB4559C0007EB04 /* Main.storyboard in Resources */,
				9315A35E2AB7EE15001A68E1 /* MainController1Cell.xib in Resources */,
				93B69DF82AB5A0F5000E8A7A /* MainCell.xib in Resources */,
				935883CF2ABBB12800359272 /* Table0Cell.xib in Resources */,
			);
			runOnlyForDeploymentPostprocessing = 0;
		};
/* End PBXResourcesBuildPhase section */

/* Begin PBXShellScriptBuildPhase section */
		56B946031A972FBA812DE159 /* [CP] Embed Pods Frameworks */ = {
			isa = PBXShellScriptBuildPhase;
			buildActionMask = 2147483647;
			files = (
			);
			inputFileListPaths = (
				"${PODS_ROOT}/Target Support Files/Pods-TeamBook/Pods-TeamBook-frameworks-${CONFIGURATION}-input-files.xcfilelist",
			);
			name = "[CP] Embed Pods Frameworks";
			outputFileListPaths = (
				"${PODS_ROOT}/Target Support Files/Pods-TeamBook/Pods-TeamBook-frameworks-${CONFIGURATION}-output-files.xcfilelist",
			);
			runOnlyForDeploymentPostprocessing = 0;
			shellPath = /bin/sh;
			shellScript = "\"${PODS_ROOT}/Target Support Files/Pods-TeamBook/Pods-TeamBook-frameworks.sh\"\n";
			showEnvVarsInLog = 0;
		};
		D4EDA03E97691A3DAA30F9EA /* [CP] Check Pods Manifest.lock */ = {
			isa = PBXShellScriptBuildPhase;
			buildActionMask = 2147483647;
			files = (
			);
			inputFileListPaths = (
			);
			inputPaths = (
				"${PODS_PODFILE_DIR_PATH}/Podfile.lock",
				"${PODS_ROOT}/Manifest.lock",
			);
			name = "[CP] Check Pods Manifest.lock";
			outputFileListPaths = (
			);
			outputPaths = (
				"$(DERIVED_FILE_DIR)/Pods-TeamBook-checkManifestLockResult.txt",
			);
			runOnlyForDeploymentPostprocessing = 0;
			shellPath = /bin/sh;
			shellScript = "diff \"${PODS_PODFILE_DIR_PATH}/Podfile.lock\" \"${PODS_ROOT}/Manifest.lock\" > /dev/null\nif [ $? != 0 ] ; then\n    # print error to STDERR\n    echo \"error: The sandbox is not in sync with the Podfile.lock. Run 'pod install' or update your CocoaPods installation.\" >&2\n    exit 1\nfi\n# This output is used by Xcode 'outputs' to avoid re-running this script phase.\necho \"SUCCESS\" > \"${SCRIPT_OUTPUT_FILE_0}\"\n";
			showEnvVarsInLog = 0;
		};
/* End PBXShellScriptBuildPhase section */

/* Begin PBXSourcesBuildPhase section */
		93CD80662AB4559C0007EB04 /* Sources */ = {
			isa = PBXSourcesBuildPhase;
			buildActionMask = 2147483647;
			files = (
				93CD80722AB4559C0007EB04 /* ViewController.swift in Sources */,
				935883D12ABBB19F00359272 /* Table0Cell.swift in Sources */,
				935883E22ABDEE9E00359272 /* TableControllerGuitar.swift in Sources */,
				933687262AB80A6E0098BBB1 /* MainController1ImageCell.swift in Sources */,
				935883D32ABD34BC00359272 /* CollectionViewController0.swift in Sources */,
				938C45FD2AB54E84005E4AD7 /* MainController.swift in Sources */,
				9305E4B82AB586F900BA570B /* MainController1.swift in Sources */,
				93CD806E2AB4559C0007EB04 /* AppDelegate.swift in Sources */,
				93CD80872AB457E00007EB04 /* LogInViewController.swift in Sources */,
				935883E02ABDCDE700359272 /* AddViewController.swift in Sources */,
				935883DE2ABD868400359272 /* TableControllerVocal.swift in Sources */,
				93CD80702AB4559C0007EB04 /* SceneDelegate.swift in Sources */,
				939E48202AB96FDB0039AA79 /* Table0Controller.swift in Sources */,
				939E48222AB9849A0039AA79 /* Team.swift in Sources */,
				93CD80782AB4559C0007EB04 /* TeamBook.xcdatamodeld in Sources */,
				935883D62ABD368400359272 /* Collection0Cell.swift in Sources */,
				9315A35C2AB7EC93001A68E1 /* MainController1Cell.swift in Sources */,
				93CD80852AB457C00007EB04 /* SignUpViewController.swift in Sources */,
				935883DA2ABD3F8400359272 /* Main0ViewController.swift in Sources */,
				93B69DFA2AB5A1D4000E8A7A /* MainCell.swift in Sources */,
			);
			runOnlyForDeploymentPostprocessing = 0;
		};
/* End PBXSourcesBuildPhase section */

/* Begin PBXVariantGroup section */
		93CD80732AB4559C0007EB04 /* Main.storyboard */ = {
			isa = PBXVariantGroup;
			children = (
				93CD80742AB4559C0007EB04 /* Base */,
			);
			name = Main.storyboard;
			sourceTree = "<group>";
		};
		93CD807B2AB4559D0007EB04 /* LaunchScreen.storyboard */ = {
			isa = PBXVariantGroup;
			children = (
				93CD807C2AB4559D0007EB04 /* Base */,
			);
			name = LaunchScreen.storyboard;
			sourceTree = "<group>";
		};
/* End PBXVariantGroup section */

/* Begin XCBuildConfiguration section */
		93CD807F2AB4559D0007EB04 /* Debug */ = {
			isa = XCBuildConfiguration;
			buildSettings = {
				ALWAYS_SEARCH_USER_PATHS = NO;
				CLANG_ANALYZER_NONNULL = YES;
				CLANG_ANALYZER_NUMBER_OBJECT_CONVERSION = YES_AGGRESSIVE;
				CLANG_CXX_LANGUAGE_STANDARD = "gnu++20";
				CLANG_ENABLE_MODULES = YES;
				CLANG_ENABLE_OBJC_ARC = YES;
				CLANG_ENABLE_OBJC_WEAK = YES;
				CLANG_WARN_BLOCK_CAPTURE_AUTORELEASING = YES;
				CLANG_WARN_BOOL_CONVERSION = YES;
				CLANG_WARN_COMMA = YES;
				CLANG_WARN_CONSTANT_CONVERSION = YES;
				CLANG_WARN_DEPRECATED_OBJC_IMPLEMENTATIONS = YES;
				CLANG_WARN_DIRECT_OBJC_ISA_USAGE = YES_ERROR;
				CLANG_WARN_DOCUMENTATION_COMMENTS = YES;
				CLANG_WARN_EMPTY_BODY = YES;
				CLANG_WARN_ENUM_CONVERSION = YES;
				CLANG_WARN_INFINITE_RECURSION = YES;
				CLANG_WARN_INT_CONVERSION = YES;
				CLANG_WARN_NON_LITERAL_NULL_CONVERSION = YES;
				CLANG_WARN_OBJC_IMPLICIT_RETAIN_SELF = YES;
				CLANG_WARN_OBJC_LITERAL_CONVERSION = YES;
				CLANG_WARN_OBJC_ROOT_CLASS = YES_ERROR;
				CLANG_WARN_QUOTED_INCLUDE_IN_FRAMEWORK_HEADER = YES;
				CLANG_WARN_RANGE_LOOP_ANALYSIS = YES;
				CLANG_WARN_STRICT_PROTOTYPES = YES;
				CLANG_WARN_SUSPICIOUS_MOVE = YES;
				CLANG_WARN_UNGUARDED_AVAILABILITY = YES_AGGRESSIVE;
				CLANG_WARN_UNREACHABLE_CODE = YES;
				CLANG_WARN__DUPLICATE_METHOD_MATCH = YES;
				COPY_PHASE_STRIP = NO;
				DEBUG_INFORMATION_FORMAT = dwarf;
				ENABLE_STRICT_OBJC_MSGSEND = YES;
				ENABLE_TESTABILITY = YES;
				GCC_C_LANGUAGE_STANDARD = gnu11;
				GCC_DYNAMIC_NO_PIC = NO;
				GCC_NO_COMMON_BLOCKS = YES;
				GCC_OPTIMIZATION_LEVEL = 0;
				GCC_PREPROCESSOR_DEFINITIONS = (
					"DEBUG=1",
					"$(inherited)",
				);
				GCC_WARN_64_TO_32_BIT_CONVERSION = YES;
				GCC_WARN_ABOUT_RETURN_TYPE = YES_ERROR;
				GCC_WARN_UNDECLARED_SELECTOR = YES;
				GCC_WARN_UNINITIALIZED_AUTOS = YES_AGGRESSIVE;
				GCC_WARN_UNUSED_FUNCTION = YES;
				GCC_WARN_UNUSED_VARIABLE = YES;
				IPHONEOS_DEPLOYMENT_TARGET = 16.4;
				MTL_ENABLE_DEBUG_INFO = INCLUDE_SOURCE;
				MTL_FAST_MATH = YES;
				ONLY_ACTIVE_ARCH = YES;
				SDKROOT = iphoneos;
				SWIFT_ACTIVE_COMPILATION_CONDITIONS = DEBUG;
				SWIFT_OPTIMIZATION_LEVEL = "-Onone";
			};
			name = Debug;
		};
		93CD80802AB4559D0007EB04 /* Release */ = {
			isa = XCBuildConfiguration;
			buildSettings = {
				ALWAYS_SEARCH_USER_PATHS = NO;
				CLANG_ANALYZER_NONNULL = YES;
				CLANG_ANALYZER_NUMBER_OBJECT_CONVERSION = YES_AGGRESSIVE;
				CLANG_CXX_LANGUAGE_STANDARD = "gnu++20";
				CLANG_ENABLE_MODULES = YES;
				CLANG_ENABLE_OBJC_ARC = YES;
				CLANG_ENABLE_OBJC_WEAK = YES;
				CLANG_WARN_BLOCK_CAPTURE_AUTORELEASING = YES;
				CLANG_WARN_BOOL_CONVERSION = YES;
				CLANG_WARN_COMMA = YES;
				CLANG_WARN_CONSTANT_CONVERSION = YES;
				CLANG_WARN_DEPRECATED_OBJC_IMPLEMENTATIONS = YES;
				CLANG_WARN_DIRECT_OBJC_ISA_USAGE = YES_ERROR;
				CLANG_WARN_DOCUMENTATION_COMMENTS = YES;
				CLANG_WARN_EMPTY_BODY = YES;
				CLANG_WARN_ENUM_CONVERSION = YES;
				CLANG_WARN_INFINITE_RECURSION = YES;
				CLANG_WARN_INT_CONVERSION = YES;
				CLANG_WARN_NON_LITERAL_NULL_CONVERSION = YES;
				CLANG_WARN_OBJC_IMPLICIT_RETAIN_SELF = YES;
				CLANG_WARN_OBJC_LITERAL_CONVERSION = YES;
				CLANG_WARN_OBJC_ROOT_CLASS = YES_ERROR;
				CLANG_WARN_QUOTED_INCLUDE_IN_FRAMEWORK_HEADER = YES;
				CLANG_WARN_RANGE_LOOP_ANALYSIS = YES;
				CLANG_WARN_STRICT_PROTOTYPES = YES;
				CLANG_WARN_SUSPICIOUS_MOVE = YES;
				CLANG_WARN_UNGUARDED_AVAILABILITY = YES_AGGRESSIVE;
				CLANG_WARN_UNREACHABLE_CODE = YES;
				CLANG_WARN__DUPLICATE_METHOD_MATCH = YES;
				COPY_PHASE_STRIP = NO;
				DEBUG_INFORMATION_FORMAT = "dwarf-with-dsym";
				ENABLE_NS_ASSERTIONS = NO;
				ENABLE_STRICT_OBJC_MSGSEND = YES;
				GCC_C_LANGUAGE_STANDARD = gnu11;
				GCC_NO_COMMON_BLOCKS = YES;
				GCC_WARN_64_TO_32_BIT_CONVERSION = YES;
				GCC_WARN_ABOUT_RETURN_TYPE = YES_ERROR;
				GCC_WARN_UNDECLARED_SELECTOR = YES;
				GCC_WARN_UNINITIALIZED_AUTOS = YES_AGGRESSIVE;
				GCC_WARN_UNUSED_FUNCTION = YES;
				GCC_WARN_UNUSED_VARIABLE = YES;
				IPHONEOS_DEPLOYMENT_TARGET = 16.4;
				MTL_ENABLE_DEBUG_INFO = NO;
				MTL_FAST_MATH = YES;
				SDKROOT = iphoneos;
				SWIFT_COMPILATION_MODE = wholemodule;
				SWIFT_OPTIMIZATION_LEVEL = "-O";
				VALIDATE_PRODUCT = YES;
			};
			name = Release;
		};
		93CD80822AB4559D0007EB04 /* Debug */ = {
			isa = XCBuildConfiguration;
			baseConfigurationReference = 205A8C6356DD2F6D81004447 /* Pods-TeamBook.debug.xcconfig */;
			buildSettings = {
				ASSETCATALOG_COMPILER_APPICON_NAME = AppIcon;
				ASSETCATALOG_COMPILER_GLOBAL_ACCENT_COLOR_NAME = AccentColor;
				CODE_SIGN_STYLE = Automatic;
				CURRENT_PROJECT_VERSION = 1;
				DEVELOPMENT_TEAM = 53ZFFU6DAC;
				GENERATE_INFOPLIST_FILE = YES;
				INFOPLIST_FILE = TeamBook/Info.plist;
				INFOPLIST_KEY_UIApplicationSupportsIndirectInputEvents = YES;
				INFOPLIST_KEY_UILaunchStoryboardName = LaunchScreen;
				INFOPLIST_KEY_UIMainStoryboardFile = Main;
				INFOPLIST_KEY_UISupportedInterfaceOrientations_iPad = "UIInterfaceOrientationPortrait UIInterfaceOrientationPortraitUpsideDown UIInterfaceOrientationLandscapeLeft UIInterfaceOrientationLandscapeRight";
				INFOPLIST_KEY_UISupportedInterfaceOrientations_iPhone = "UIInterfaceOrientationPortrait UIInterfaceOrientationLandscapeLeft UIInterfaceOrientationLandscapeRight";
				IPHONEOS_DEPLOYMENT_TARGET = 16.0;
				LD_RUNPATH_SEARCH_PATHS = (
					"$(inherited)",
					"@executable_path/Frameworks",
				);
				MARKETING_VERSION = 1.0;
				PRODUCT_BUNDLE_IDENTIFIER = com.houmiao.TeamBook;
				PRODUCT_NAME = "$(TARGET_NAME)";
				SWIFT_EMIT_LOC_STRINGS = YES;
				SWIFT_VERSION = 5.0;
				TARGETED_DEVICE_FAMILY = "1,2";
			};
			name = Debug;
		};
		93CD80832AB4559D0007EB04 /* Release */ = {
			isa = XCBuildConfiguration;
			baseConfigurationReference = AB58AAFFDB8D0B552C5C6CA5 /* Pods-TeamBook.release.xcconfig */;
			buildSettings = {
				ASSETCATALOG_COMPILER_APPICON_NAME = AppIcon;
				ASSETCATALOG_COMPILER_GLOBAL_ACCENT_COLOR_NAME = AccentColor;
				CODE_SIGN_STYLE = Automatic;
				CURRENT_PROJECT_VERSION = 1;
				DEVELOPMENT_TEAM = 53ZFFU6DAC;
				GENERATE_INFOPLIST_FILE = YES;
				INFOPLIST_FILE = TeamBook/Info.plist;
				INFOPLIST_KEY_UIApplicationSupportsIndirectInputEvents = YES;
				INFOPLIST_KEY_UILaunchStoryboardName = LaunchScreen;
				INFOPLIST_KEY_UIMainStoryboardFile = Main;
				INFOPLIST_KEY_UISupportedInterfaceOrientations_iPad = "UIInterfaceOrientationPortrait UIInterfaceOrientationPortraitUpsideDown UIInterfaceOrientationLandscapeLeft UIInterfaceOrientationLandscapeRight";
				INFOPLIST_KEY_UISupportedInterfaceOrientations_iPhone = "UIInterfaceOrientationPortrait UIInterfaceOrientationLandscapeLeft UIInterfaceOrientationLandscapeRight";
				IPHONEOS_DEPLOYMENT_TARGET = 16.0;
				LD_RUNPATH_SEARCH_PATHS = (
					"$(inherited)",
					"@executable_path/Frameworks",
				);
				MARKETING_VERSION = 1.0;
				PRODUCT_BUNDLE_IDENTIFIER = com.houmiao.TeamBook;
				PRODUCT_NAME = "$(TARGET_NAME)";
				SWIFT_EMIT_LOC_STRINGS = YES;
				SWIFT_VERSION = 5.0;
				TARGETED_DEVICE_FAMILY = "1,2";
			};
			name = Release;
		};
/* End XCBuildConfiguration section */

/* Begin XCConfigurationList section */
		93CD80652AB4559C0007EB04 /* Build configuration list for PBXProject "TeamBook" */ = {
			isa = XCConfigurationList;
			buildConfigurations = (
				93CD807F2AB4559D0007EB04 /* Debug */,
				93CD80802AB4559D0007EB04 /* Release */,
			);
			defaultConfigurationIsVisible = 0;
			defaultConfigurationName = Release;
		};
		93CD80812AB4559D0007EB04 /* Build configuration list for PBXNativeTarget "TeamBook" */ = {
			isa = XCConfigurationList;
			buildConfigurations = (
				93CD80822AB4559D0007EB04 /* Debug */,
				93CD80832AB4559D0007EB04 /* Release */,
			);
			defaultConfigurationIsVisible = 0;
			defaultConfigurationName = Release;
		};
/* End XCConfigurationList section */

/* Begin XCVersionGroup section */
		93CD80762AB4559C0007EB04 /* TeamBook.xcdatamodeld */ = {
			isa = XCVersionGroup;
			children = (
				93CD80772AB4559C0007EB04 /* TeamBook.xcdatamodel */,
			);
			currentVersion = 93CD80772AB4559C0007EB04 /* TeamBook.xcdatamodel */;
			path = TeamBook.xcdatamodeld;
			sourceTree = "<group>";
			versionGroupType = wrapper.xcdatamodel;
		};
/* End XCVersionGroup section */
	};
	rootObject = 93CD80622AB4559C0007EB04 /* Project object */;
}
